
Microsoft Visual Studio Solution File, Format Version 12.00
# Visual Studio Version 16
VisualStudioVersion = 16.0.31005.135
MinimumVisualStudioVersion = 10.0.40219.1
Project("{FAE04EC0-301F-11D3-BF4B-00C04F79EFBC}") = "Vidly", "Vidly\Vidly.csproj", "{E0660546-04E7-4D71-B3C4-0904D27BAEF3}"
EndProject
Global
	GlobalSection(SolutionConfigurationPlatforms) = preSolution
		Debug|Any CPU = Debug|Any CPU
		Release|Any CPU = Release|Any CPU
	EndGlobalSection
	GlobalSection(ProjectConfigurationPlatforms) = postSolution
		{E0660546-04E7-4D71-B3C4-0904D27BAEF3}.Debug|Any CPU.ActiveCfg = Debug|Any CPU
		{E0660546-04E7-4D71-B3C4-0904D27BAEF3}.Debug|Any CPU.Build.0 = Debug|Any CPU
		{E0660546-04E7-4D71-B3C4-0904D27BAEF3}.Release|Any CPU.ActiveCfg = Release|Any CPU
		{E0660546-04E7-4D71-B3C4-0904D27BAEF3}.Release|Any CPU.Build.0 = Release|Any CPU
	EndGlobalSection
	GlobalSection(SolutionProperties) = preSolution
		HideSolutionNode = FALSE
	EndGlobalSection
	GlobalSection(ExtensibilityGlobals) = postSolution
		SolutionGuid = {DF32A026-437E-4FCC-925C-D1DF24327C7A}
	EndGlobalSection
EndGlobal
